
Microsoft Visual Studio Solution File, Format Version 12.00
# Visual Studio 2013
VisualStudioVersion = 12.0.40629.0
MinimumVisualStudioVersion = 10.0.40219.1
Project("{FAE04EC0-301F-11D3-BF4B-00C04F79EFBC}") = "Assessment.EntitiesModel", "Assessment.EntitiesModel\Assessment.EntitiesModel.csproj", "{5655D383-E72F-4F2F-B0D2-AF503ACB1C1F}"
EndProject
Project("{FAE04EC0-301F-11D3-BF4B-00C04F79EFBC}") = "Assessment.Web", "Assessment.Web\Assessment.Web.csproj", "{67CA9D69-3EE5-4AFA-9E26-7D7B9B133FAC}"
EndProject
Project("{FAE04EC0-301F-11D3-BF4B-00C04F79EFBC}") = "Assessment.Web.Tests", "Assessment.Web.Tests\Assessment.Web.Tests.csproj", "{C40CDFEC-2157-4605-81EA-3698E4CB87AD}"
EndProject
Project("{FAE04EC0-301F-11D3-BF4B-00C04F79EFBC}") = "Assessemet.Business", "Assessemet.Business\Assessemet.Business.csproj", "{D018BCC6-2903-4C0E-863C-FD270D71BAB3}"
EndProject
Global
	GlobalSection(SolutionConfigurationPlatforms) = preSolution
		Debug|Any CPU = Debug|Any CPU
		Release|Any CPU = Release|Any CPU
	EndGlobalSection
	GlobalSection(ProjectConfigurationPlatforms) = postSolution
		{5655D383-E72F-4F2F-B0D2-AF503ACB1C1F}.Debug|Any CPU.ActiveCfg = Debug|Any CPU
		{5655D383-E72F-4F2F-B0D2-AF503ACB1C1F}.Debug|Any CPU.Build.0 = Debug|Any CPU
		{5655D383-E72F-4F2F-B0D2-AF503ACB1C1F}.Release|Any CPU.ActiveCfg = Release|Any CPU
		{5655D383-E72F-4F2F-B0D2-AF503ACB1C1F}.Release|Any CPU.Build.0 = Release|Any CPU
		{67CA9D69-3EE5-4AFA-9E26-7D7B9B133FAC}.Debug|Any CPU.ActiveCfg = Debug|Any CPU
		{67CA9D69-3EE5-4AFA-9E26-7D7B9B133FAC}.Debug|Any CPU.Build.0 = Debug|Any CPU
		{67CA9D69-3EE5-4AFA-9E26-7D7B9B133FAC}.Release|Any CPU.ActiveCfg = Release|Any CPU
		{67CA9D69-3EE5-4AFA-9E26-7D7B9B133FAC}.Release|Any CPU.Build.0 = Release|Any CPU
		{C40CDFEC-2157-4605-81EA-3698E4CB87AD}.Debug|Any CPU.ActiveCfg = Debug|Any CPU
		{C40CDFEC-2157-4605-81EA-3698E4CB87AD}.Debug|Any CPU.Build.0 = Debug|Any CPU
		{C40CDFEC-2157-4605-81EA-3698E4CB87AD}.Release|Any CPU.ActiveCfg = Release|Any CPU
		{C40CDFEC-2157-4605-81EA-3698E4CB87AD}.Release|Any CPU.Build.0 = Release|Any CPU
		{D018BCC6-2903-4C0E-863C-FD270D71BAB3}.Debug|Any CPU.ActiveCfg = Debug|Any CPU
		{D018BCC6-2903-4C0E-863C-FD270D71BAB3}.Debug|Any CPU.Build.0 = Debug|Any CPU
		{D018BCC6-2903-4C0E-863C-FD270D71BAB3}.Release|Any CPU.ActiveCfg = Release|Any CPU
		{D018BCC6-2903-4C0E-863C-FD270D71BAB3}.Release|Any CPU.Build.0 = Release|Any CPU
	EndGlobalSection
	GlobalSection(SolutionProperties) = preSolution
		HideSolutionNode = FALSE
	EndGlobalSection
EndGlobal
